// !$*UTF8*$!
{
	archiveVersion = 1;
	classes = {
	};
	objectVersion = 46;
	objects = {

/* Begin PBXBuildFile section */
		4F32BF331CE6669D0052FA64 /* AppDelegate.swift in Sources */ = {isa = PBXBuildFile; fileRef = 4F32BF321CE6669D0052FA64 /* AppDelegate.swift */; };
		4F32BF351CE6669D0052FA64 /* ViewController.swift in Sources */ = {isa = PBXBuildFile; fileRef = 4F32BF341CE6669D0052FA64 /* ViewController.swift */; };
		4F32BF381CE6669D0052FA64 /* Main.storyboard in Resources */ = {isa = PBXBuildFile; fileRef = 4F32BF361CE6669D0052FA64 /* Main.storyboard */; };
		4F32BF3A1CE6669D0052FA64 /* Assets.xcassets in Resources */ = {isa = PBXBuildFile; fileRef = 4F32BF391CE6669D0052FA64 /* Assets.xcassets */; };
		4F32BF3D1CE6669D0052FA64 /* LaunchScreen.storyboard in Resources */ = {isa = PBXBuildFile; fileRef = 4F32BF3B1CE6669D0052FA64 /* LaunchScreen.storyboard */; };
		4F32BF481CE6669D0052FA64 /* StopWatchTests.swift in Sources */ = {isa = PBXBuildFile; fileRef = 4F32BF471CE6669D0052FA64 /* StopWatchTests.swift */; };
		4F32BF531CE6669D0052FA64 /* StopWatchUITests.swift in Sources */ = {isa = PBXBuildFile; fileRef = 4F32BF521CE6669D0052FA64 /* StopWatchUITests.swift */; };
/* End PBXBuildFile section */

/* Begin PBXContainerItemProxy section */
		4F32BF441CE6669D0052FA64 /* PBXContainerItemProxy */ = {
			isa = PBXContainerItemProxy;
			containerPortal = 4F32BF271CE6669D0052FA64 /* Project object */;
			proxyType = 1;
			remoteGlobalIDString = 4F32BF2E1CE6669D0052FA64;
			remoteInfo = StopWatch;
		};
		4F32BF4F1CE6669D0052FA64 /* PBXContainerItemProxy */ = {
			isa = PBXContainerItemProxy;
			containerPortal = 4F32BF271CE6669D0052FA64 /* Project object */;
			proxyType = 1;
			remoteGlobalIDString = 4F32BF2E1CE6669D0052FA64;
			remoteInfo = StopWatch;
		};
/* End PBXContainerItemProxy section */

/* Begin PBXFileReference section */
		4F32BF2F1CE6669D0052FA64 /* StopWatch.app */ = {isa = PBXFileReference; explicitFileType = wrapper.application; includeInIndex = 0; path = StopWatch.app; sourceTree = BUILT_PRODUCTS_DIR; };
		4F32BF321CE6669D0052FA64 /* AppDelegate.swift */ = {isa = PBXFileReference; lastKnownFileType = sourcecode.swift; path = AppDelegate.swift; sourceTree = "<group>"; };
		4F32BF341CE6669D0052FA64 /* ViewController.swift */ = {isa = PBXFileReference; lastKnownFileType = sourcecode.swift; path = ViewController.swift; sourceTree = "<group>"; };
		4F32BF371CE6669D0052FA64 /* Base */ = {isa = PBXFileReference; lastKnownFileType = file.storyboard; name = Base; path = Base.lproj/Main.storyboard; sourceTree = "<group>"; };
		4F32BF391CE6669D0052FA64 /* Assets.xcassets */ = {isa = PBXFileReference; lastKnownFileType = folder.assetcatalog; path = Assets.xcassets; sourceTree = "<group>"; };
		4F32BF3C1CE6669D0052FA64 /* Base */ = {isa = PBXFileReference; lastKnownFileType = file.storyboard; name = Base; path = Base.lproj/LaunchScreen.storyboard; sourceTree = "<group>"; };
		4F32BF3E1CE6669D0052FA64 /* Info.plist */ = {isa = PBXFileReference; lastKnownFileType = text.plist.xml; path = Info.plist; sourceTree = "<group>"; };
		4F32BF431CE6669D0052FA64 /* StopWatchTests.xctest */ = {isa = PBXFileReference; explicitFileType = wrapper.cfbundle; includeInIndex = 0; path = StopWatchTests.xctest; sourceTree = BUILT_PRODUCTS_DIR; };
		4F32BF471CE6669D0052FA64 /* StopWatchTests.swift */ = {isa = PBXFileReference; lastKnownFileType = sourcecode.swift; path = StopWatchTests.swift; sourceTree = "<group>"; };
		4F32BF491CE6669D0052FA64 /* Info.plist */ = {isa = PBXFileReference; lastKnownFileType = text.plist.xml; path = Info.plist; sourceTree = "<group>"; };
		4F32BF4E1CE6669D0052FA64 /* StopWatchUITests.xctest */ = {isa = PBXFileReference; explicitFileType = wrapper.cfbundle; includeInIndex = 0; path = StopWatchUITests.xctest; sourceTree = BUILT_PRODUCTS_DIR; };
		4F32BF521CE6669D0052FA64 /* StopWatchUITests.swift */ = {isa = PBXFileReference; lastKnownFileType = sourcecode.swift; path = StopWatchUITests.swift; sourceTree = "<group>"; };
		4F32BF541CE6669D0052FA64 /* Info.plist */ = {isa = PBXFileReference; lastKnownFileType = text.plist.xml; path = Info.plist; sourceTree = "<group>"; };
/* End PBXFileReference section */

/* Begin PBXFrameworksBuildPhase section */
		4F32BF2C1CE6669D0052FA64 /* Frameworks */ = {
			isa = PBXFrameworksBuildPhase;
			buildActionMask = 2147483647;
			files = (
			);
			runOnlyForDeploymentPostprocessing = 0;
		};
		4F32BF401CE6669D0052FA64 /* Frameworks */ = {
			isa = PBXFrameworksBuildPhase;
			buildActionMask = 2147483647;
			files = (
			);
			runOnlyForDeploymentPostprocessing = 0;
		};
		4F32BF4B1CE6669D0052FA64 /* Frameworks */ = {
			isa = PBXFrameworksBuildPhase;
			buildActionMask = 2147483647;
			files = (
			);
			runOnlyForDeploymentPostprocessing = 0;
		};
/* End PBXFrameworksBuildPhase section */

/* Begin PBXGroup section */
		4F32BF261CE6669D0052FA64 = {
			isa = PBXGroup;
			children = (
				4F32BF311CE6669D0052FA64 /* StopWatch */,
				4F32BF461CE6669D0052FA64 /* StopWatchTests */,
				4F32BF511CE6669D0052FA64 /* StopWatchUITests */,
				4F32BF301CE6669D0052FA64 /* Products */,
			);
			sourceTree = "<group>";
		};
		4F32BF301CE6669D0052FA64 /* Products */ = {
			isa = PBXGroup;
			children = (
				4F32BF2F1CE6669D0052FA64 /* StopWatch.app */,
				4F32BF431CE6669D0052FA64 /* StopWatchTests.xctest */,
				4F32BF4E1CE6669D0052FA64 /* StopWatchUITests.xctest */,
			);
			name = Products;
			sourceTree = "<group>";
		};
		4F32BF311CE6669D0052FA64 /* StopWatch */ = {
			isa = PBXGroup;
			children = (
				4F32BF321CE6669D0052FA64 /* AppDelegate.swift */,
				4F32BF341CE6669D0052FA64 /* ViewController.swift */,
				4F32BF361CE6669D0052FA64 /* Main.storyboard */,
				4F32BF391CE6669D0052FA64 /* Assets.xcassets */,
				4F32BF3B1CE6669D0052FA64 /* LaunchScreen.storyboard */,
				4F32BF3E1CE6669D0052FA64 /* Info.plist */,
			);
			path = StopWatch;
			sourceTree = "<group>";
		};
		4F32BF461CE6669D0052FA64 /* StopWatchTests */ = {
			isa = PBXGroup;
			children = (
				4F32BF471CE6669D0052FA64 /* StopWatchTests.swift */,
				4F32BF491CE6669D0052FA64 /* Info.plist */,
			);
			path = StopWatchTests;
			sourceTree = "<group>";
		};
		4F32BF511CE6669D0052FA64 /* StopWatchUITests */ = {
			isa = PBXGroup;
			children = (
				4F32BF521CE6669D0052FA64 /* StopWatchUITests.swift */,
				4F32BF541CE6669D0052FA64 /* Info.plist */,
			);
			path = StopWatchUITests;
			sourceTree = "<group>";
		};
/* End PBXGroup section */

/* Begin PBXNativeTarget section */
		4F32BF2E1CE6669D0052FA64 /* StopWatch */ = {
			isa = PBXNativeTarget;
			buildConfigurationList = 4F32BF571CE6669D0052FA64 /* Build configuration list for PBXNativeTarget "StopWatch" */;
			buildPhases = (
				4F32BF2B1CE6669D0052FA64 /* Sources */,
				4F32BF2C1CE6669D0052FA64 /* Frameworks */,
				4F32BF2D1CE6669D0052FA64 /* Resources */,
			);
			buildRules = (
			);
			dependencies = (
			);
			name = StopWatch;
			productName = StopWatch;
			productReference = 4F32BF2F1CE6669D0052FA64 /* StopWatch.app */;
			productType = "com.apple.product-type.application";
		};
		4F32BF421CE6669D0052FA64 /* StopWatchTests */ = {
			isa = PBXNativeTarget;
			buildConfigurationList = 4F32BF5A1CE6669D0052FA64 /* Build configuration list for PBXNativeTarget "StopWatchTests" */;
			buildPhases = (
				4F32BF3F1CE6669D0052FA64 /* Sources */,
				4F32BF401CE6669D0052FA64 /* Frameworks */,
				4F32BF411CE6669D0052FA64 /* Resources */,
			);
			buildRules = (
			);
			dependencies = (
				4F32BF451CE6669D0052FA64 /* PBXTargetDependency */,
			);
			name = StopWatchTests;
			productName = StopWatchTests;
			productReference = 4F32BF431CE6669D0052FA64 /* StopWatchTests.xctest */;
			productType = "com.apple.product-type.bundle.unit-test";
		};
		4F32BF4D1CE6669D0052FA64 /* StopWatchUITests */ = {
			isa = PBXNativeTarget;
			buildConfigurationList = 4F32BF5D1CE6669D0052FA64 /* Build configuration list for PBXNativeTarget "StopWatchUITests" */;
			buildPhases = (
				4F32BF4A1CE6669D0052FA64 /* Sources */,
				4F32BF4B1CE6669D0052FA64 /* Frameworks */,
				4F32BF4C1CE6669D0052FA64 /* Resources */,
			);
			buildRules = (
			);
			dependencies = (
				4F32BF501CE6669D0052FA64 /* PBXTargetDependency */,
			);
			name = StopWatchUITests;
			productName = StopWatchUITests;
			productReference = 4F32BF4E1CE6669D0052FA64 /* StopWatchUITests.xctest */;
			productType = "com.apple.product-type.bundle.ui-testing";
		};
/* End PBXNativeTarget section */

/* Begin PBXProject section */
		4F32BF271CE6669D0052FA64 /* Project object */ = {
			isa = PBXProject;
			attributes = {
				LastSwiftUpdateCheck = 0730;
				LastUpgradeCheck = 0730;
				ORGANIZATIONNAME = huseyinbagana;
				TargetAttributes = {
					4F32BF2E1CE6669D0052FA64 = {
						CreatedOnToolsVersion = 7.3;
						LastSwiftMigration = 0800;
					};
					4F32BF421CE6669D0052FA64 = {
						CreatedOnToolsVersion = 7.3;
						LastSwiftMigration = 0800;
						TestTargetID = 4F32BF2E1CE6669D0052FA64;
					};
					4F32BF4D1CE6669D0052FA64 = {
						CreatedOnToolsVersion = 7.3;
						LastSwiftMigration = 0800;
						TestTargetID = 4F32BF2E1CE6669D0052FA64;
					};
				};
			};
			buildConfigurationList = 4F32BF2A1CE6669D0052FA64 /* Build configuration list for PBXProject "StopWatch" */;
			compatibilityVersion = "Xcode 3.2";
			developmentRegion = English;
			hasScannedForEncodings = 0;
			knownRegions = (
				en,
				Base,
			);
			mainGroup = 4F32BF261CE6669D0052FA64;
			productRefGroup = 4F32BF301CE6669D0052FA64 /* Products */;
			projectDirPath = "";
			projectRoot = "";
			targets = (
				4F32BF2E1CE6669D0052FA64 /* StopWatch */,
				4F32BF421CE6669D0052FA64 /* StopWatchTests */,
				4F32BF4D1CE6669D0052FA64 /* StopWatchUITests */,
			);
		};
/* End PBXProject section */

/* Begin PBXResourcesBuildPhase section */
		4F32BF2D1CE6669D0052FA64 /* Resources */ = {
			isa = PBXResourcesBuildPhase;
			buildActionMask = 2147483647;
			files = (
				4F32BF3D1CE6669D0052FA64 /* LaunchScreen.storyboard in Resources */,
				4F32BF3A1CE6669D0052FA64 /* Assets.xcassets in Resources */,
				4F32BF381CE6669D0052FA64 /* Main.storyboard in Resources */,
			);
			runOnlyForDeploymentPostprocessing = 0;
		};
		4F32BF411CE6669D0052FA64 /* Resources */ = {
			isa = PBXResourcesBuildPhase;
			buildActionMask = 2147483647;
			files = (
			);
			runOnlyForDeploymentPostprocessing = 0;
		};
		4F32BF4C1CE6669D0052FA64 /* Resources */ = {
			isa = PBXResourcesBuildPhase;
			buildActionMask = 2147483647;
			files = (
			);
			runOnlyForDeploymentPostprocessing = 0;
		};
/* End PBXResourcesBuildPhase section */

/* Begin PBXSourcesBuildPhase section */
		4F32BF2B1CE6669D0052FA64 /* Sources */ = {
			isa = PBXSourcesBuildPhase;
			buildActionMask = 2147483647;
			files = (
				4F32BF351CE6669D0052FA64 /* ViewController.swift in Sources */,
				4F32BF331CE6669D0052FA64 /* AppDelegate.swift in Sources */,
			);
			runOnlyForDeploymentPostprocessing = 0;
		};
		4F32BF3F1CE6669D0052FA64 /* Sources */ = {
			isa = PBXSourcesBuildPhase;
			buildActionMask = 2147483647;
			files = (
				4F32BF481CE6669D0052FA64 /* StopWatchTests.swift in Sources */,
			);
			runOnlyForDeploymentPostprocessing = 0;
		};
		4F32BF4A1CE6669D0052FA64 /* Sources */ = {
			isa = PBXSourcesBuildPhase;
			buildActionMask = 2147483647;
			files = (
				4F32BF531CE6669D0052FA64 /* StopWatchUITests.swift in Sources */,
			);
			runOnlyForDeploymentPostprocessing = 0;
		};
/* End PBXSourcesBuildPhase section */

/* Begin PBXTargetDependency section */
		4F32BF451CE6669D0052FA64 /* PBXTargetDependency */ = {
			isa = PBXTargetDependency;
			target = 4F32BF2E1CE6669D0052FA64 /* StopWatch */;
			targetProxy = 4F32BF441CE6669D0052FA64 /* PBXContainerItemProxy */;
		};
		4F32BF501CE6669D0052FA64 /* PBXTargetDependency */ = {
			isa = PBXTargetDependency;
			target = 4F32BF2E1CE6669D0052FA64 /* StopWatch */;
			targetProxy = 4F32BF4F1CE6669D0052FA64 /* PBXContainerItemProxy */;
		};
/* End PBXTargetDependency section */

/* Begin PBXVariantGroup section */
		4F32BF361CE6669D0052FA64 /* Main.storyboard */ = {
			isa = PBXVariantGroup;
			children = (
				4F32BF371CE6669D0052FA64 /* Base */,
			);
			name = Main.storyboard;
			sourceTree = "<group>";
		};
		4F32BF3B1CE6669D0052FA64 /* LaunchScreen.storyboard */ = {
			isa = PBXVariantGroup;
			children = (
				4F32BF3C1CE6669D0052FA64 /* Base */,
			);
			name = LaunchScreen.storyboard;
			sourceTree = "<group>";
		};
/* End PBXVariantGroup section */

/* Begin XCBuildConfiguration section */
		4F32BF551CE6669D0052FA64 /* Debug */ = {
			isa = XCBuildConfiguration;
			buildSettings = {
				ALWAYS_SEARCH_USER_PATHS = NO;
				CLANG_ANALYZER_NONNULL = YES;
				CLANG_CXX_LANGUAGE_STANDARD = "gnu++0x";
				CLANG_CXX_LIBRARY = "libc++";
				CLANG_ENABLE_MODULES = YES;
				CLANG_ENABLE_OBJC_ARC = YES;
				CLANG_WARN_BOOL_CONVERSION = YES;
				CLANG_WARN_CONSTANT_CONVERSION = YES;
				CLANG_WARN_DIRECT_OBJC_ISA_USAGE = YES_ERROR;
				CLANG_WARN_EMPTY_BODY = YES;
				CLANG_WARN_ENUM_CONVERSION = YES;
				CLANG_WARN_INT_CONVERSION = YES;
				CLANG_WARN_OBJC_ROOT_CLASS = YES_ERROR;
				CLANG_WARN_UNREACHABLE_CODE = YES;
				CLANG_WARN__DUPLICATE_METHOD_MATCH = YES;
				"CODE_SIGN_IDENTITY[sdk=iphoneos*]" = "iPhone Developer";
				COPY_PHASE_STRIP = NO;
				DEBUG_INFORMATION_FORMAT = dwarf;
				ENABLE_STRICT_OBJC_MSGSEND = YES;
				ENABLE_TESTABILITY = YES;
				GCC_C_LANGUAGE_STANDARD = gnu99;
				GCC_DYNAMIC_NO_PIC = NO;
				GCC_NO_COMMON_BLOCKS = YES;
				GCC_OPTIMIZATION_LEVEL = 0;
				GCC_PREPROCESSOR_DEFINITIONS = (
					"DEBUG=1",
					"$(inherited)",
				);
				GCC_WARN_64_TO_32_BIT_CONVERSION = YES;
				GCC_WARN_ABOUT_RETURN_TYPE = YES_ERROR;
				GCC_WARN_UNDECLARED_SELECTOR = YES;
				GCC_WARN_UNINITIALIZED_AUTOS = YES_AGGRESSIVE;
				GCC_WARN_UNUSED_FUNCTION = YES;
				GCC_WARN_UNUSED_VARIABLE = YES;
				IPHONEOS_DEPLOYMENT_TARGET = 9.3;
				MTL_ENABLE_DEBUG_INFO = YES;
				ONLY_ACTIVE_ARCH = YES;
				SDKROOT = iphoneos;
				SWIFT_OPTIMIZATION_LEVEL = "-Onone";
			};
			name = Debug;
		};
		4F32BF561CE6669D0052FA64 /* Release */ = {
			isa = XCBuildConfiguration;
			buildSettings = {
				ALWAYS_SEARCH_USER_PATHS = NO;
				CLANG_ANALYZER_NONNULL = YES;
				CLANG_CXX_LANGUAGE_STANDARD = "gnu++0x";
				CLANG_CXX_LIBRARY = "libc++";
				CLANG_ENABLE_MODULES = YES;
				CLANG_ENABLE_OBJC_ARC = YES;
				CLANG_WARN_BOOL_CONVERSION = YES;
				CLANG_WARN_CONSTANT_CONVERSION = YES;
				CLANG_WARN_DIRECT_OBJC_ISA_USAGE = YES_ERROR;
				CLANG_WARN_EMPTY_BODY = YES;
				CLANG_WARN_ENUM_CONVERSION = YES;
				CLANG_WARN_INT_CONVERSION = YES;
				CLANG_WARN_OBJC_ROOT_CLASS = YES_ERROR;
				CLANG_WARN_UNREACHABLE_CODE = YES;
				CLANG_WARN__DUPLICATE_METHOD_MATCH = YES;
				"CODE_SIGN_IDENTITY[sdk=iphoneos*]" = "iPhone Developer";
				COPY_PHASE_STRIP = NO;
				DEBUG_INFORMATION_FORMAT = "dwarf-with-dsym";
				ENABLE_NS_ASSERTIONS = NO;
				ENABLE_STRICT_OBJC_MSGSEND = YES;
				GCC_C_LANGUAGE_STANDARD = gnu99;
				GCC_NO_COMMON_BLOCKS = YES;
				GCC_WARN_64_TO_32_BIT_CONVERSION = YES;
				GCC_WARN_ABOUT_RETURN_TYPE = YES_ERROR;
				GCC_WARN_UNDECLARED_SELECTOR = YES;
				GCC_WARN_UNINITIALIZED_AUTOS = YES_AGGRESSIVE;
				GCC_WARN_UNUSED_FUNCTION = YES;
				GCC_WARN_UNUSED_VARIABLE = YES;
				IPHONEOS_DEPLOYMENT_TARGET = 9.3;
				MTL_ENABLE_DEBUG_INFO = NO;
				SDKROOT = iphoneos;
				VALIDATE_PRODUCT = YES;
			};
			name = Release;
		};
		4F32BF581CE6669D0052FA64 /* Debug */ = {
			isa = XCBuildConfiguration;
			buildSettings = {
				ASSETCATALOG_COMPILER_APPICON_NAME = AppIcon;
				INFOPLIST_FILE = StopWatch/Info.plist;
				LD_RUNPATH_SEARCH_PATHS = "$(inherited) @executable_path/Frameworks";
				PRODUCT_BUNDLE_IDENTIFIER = com.huseyinbagana.StopWatch;
				PRODUCT_NAME = "$(TARGET_NAME)";
				SWIFT_VERSION = 3.0;
			};
			name = Debug;
		};
		4F32BF591CE6669D0052FA64 /* Release */ = {
			isa = XCBuildConfiguration;
			buildSettings = {
				ASSETCATALOG_COMPILER_APPICON_NAME = AppIcon;
				INFOPLIST_FILE = StopWatch/Info.plist;
				LD_RUNPATH_SEARCH_PATHS = "$(inherited) @executable_path/Frameworks";
				PRODUCT_BUNDLE_IDENTIFIER = com.huseyinbagana.StopWatch;
				PRODUCT_NAME = "$(TARGET_NAME)";
				SWIFT_VERSION = 3.0;
			};
			name = Release;
		};
		4F32BF5B1CE6669D0052FA64 /* Debug */ = {
			isa = XCBuildConfiguration;
			buildSettings = {
				BUNDLE_LOADER = "$(TEST_HOST)";
				INFOPLIST_FILE = StopWatchTests/Info.plist;
				LD_RUNPATH_SEARCH_PATHS = "$(inherited) @executable_path/Frameworks @loader_path/Frameworks";
				PRODUCT_BUNDLE_IDENTIFIER = com.huseyinbagana.StopWatchTests;
				PRODUCT_NAME = "$(TARGET_NAME)";
				SWIFT_VERSION = 3.0;
				TEST_HOST = "$(BUILT_PRODUCTS_DIR)/StopWatch.app/StopWatch";
			};
			name = Debug;
		};
		4F32BF5C1CE6669D0052FA64 /* Release */ = {
			isa = XCBuildConfiguration;
			buildSettings = {
				BUNDLE_LOADER = "$(TEST_HOST)";
				INFOPLIST_FILE = StopWatchTests/Info.plist;
				LD_RUNPATH_SEARCH_PATHS = "$(inherited) @executable_path/Frameworks @loader_path/Frameworks";
				PRODUCT_BUNDLE_IDENTIFIER = com.huseyinbagana.StopWatchTests;
				PRODUCT_NAME = "$(TARGET_NAME)";
				SWIFT_VERSION = 3.0;
				TEST_HOST = "$(BUILT_PRODUCTS_DIR)/StopWatch.app/StopWatch";
			};
			name = Release;
		};
		4F32BF5E1CE6669D0052FA64 /* Debug */ = {
			isa = XCBuildConfiguration;
			buildSettings = {
				INFOPLIST_FILE = StopWatchUITests/Info.plist;
				LD_RUNPATH_SEARCH_PATHS = "$(inherited) @executable_path/Frameworks @loader_path/Frameworks";
				PRODUCT_BUNDLE_IDENTIFIER = com.huseyinbagana.StopWatchUITests;
				PRODUCT_NAME = "$(TARGET_NAME)";
				SWIFT_VERSION = 3.0;
				TEST_TARGET_NAME = StopWatch;
			};
			name = Debug;
		};
		4F32BF5F1CE6669D0052FA64 /* Release */ = {
			isa = XCBuildConfiguration;
			buildSettings = {
				INFOPLIST_FILE = StopWatchUITests/Info.plist;
				LD_RUNPATH_SEARCH_PATHS = "$(inherited) @executable_path/Frameworks @loader_path/Frameworks";
				PRODUCT_BUNDLE_IDENTIFIER = com.huseyinbagana.StopWatchUITests;
				PRODUCT_NAME = "$(TARGET_NAME)";
				SWIFT_VERSION = 3.0;
				TEST_TARGET_NAME = StopWatch;
			};
			name = Release;
		};
/* End XCBuildConfiguration section */

/* Begin XCConfigurationList section */
		4F32BF2A1CE6669D0052FA64 /* Build configuration list for PBXProject "StopWatch" */ = {
			isa = XCConfigurationList;
			buildConfigurations = (
				4F32BF551CE6669D0052FA64 /* Debug */,
				4F32BF561CE6669D0052FA64 /* Release */,
			);
			defaultConfigurationIsVisible = 0;
			defaultConfigurationName = Release;
		};
		4F32BF571CE6669D0052FA64 /* Build configuration list for PBXNativeTarget "StopWatch" */ = {
			isa = XCConfigurationList;
			buildConfigurations = (
				4F32BF581CE6669D0052FA64 /* Debug */,
				4F32BF591CE6669D0052FA64 /* Release */,
			);
			defaultConfigurationIsVisible = 0;
			defaultConfigurationName = Release;
		};
		4F32BF5A1CE6669D0052FA64 /* Build configuration list for PBXNativeTarget "StopWatchTests" */ = {
			isa = XCConfigurationList;
			buildConfigurations = (
				4F32BF5B1CE6669D0052FA64 /* Debug */,
				4F32BF5C1CE6669D0052FA64 /* Release */,
			);
			defaultConfigurationIsVisible = 0;
			defaultConfigurationName = Release;
		};
		4F32BF5D1CE6669D0052FA64 /* Build configuration list for PBXNativeTarget "StopWatchUITests" */ = {
			isa = XCConfigurationList;
			buildConfigurations = (
				4F32BF5E1CE6669D0052FA64 /* Debug */,
				4F32BF5F1CE6669D0052FA64 /* Release */,
			);
			defaultConfigurationIsVisible = 0;
			defaultConfigurationName = Release;
		};
/* End XCConfigurationList section */
	};
	rootObject = 4F32BF271CE6669D0052FA64 /* Project object */;
}
